// !$*UTF8*$!
{
	archiveVersion = 1;
	classes = {
	};
	objectVersion = 50;
	objects = {

/* Begin PBXBuildFile section */
		4A6FBC32292CF2A8008A933C /* FilterScreenView.swift in Sources */ = {isa = PBXBuildFile; fileRef = 4A6FBC31292CF2A8008A933C /* FilterScreenView.swift */; };
		4A6FBC34292CFDD3008A933C /* PhotoCell.swift in Sources */ = {isa = PBXBuildFile; fileRef = 4A6FBC33292CFDD3008A933C /* PhotoCell.swift */; };
		4A9C5232292149B300146598 /* LocationViewController.swift in Sources */ = {isa = PBXBuildFile; fileRef = 4A9C5231292149B300146598 /* LocationViewController.swift */; };
		4A9C52352922AE6400146598 /* UIColor+.swift in Sources */ = {isa = PBXBuildFile; fileRef = 4A9C52342922AE6400146598 /* UIColor+.swift */; };
		4ABC92BB291954420040B76A /* CharactersViewController.swift in Sources */ = {isa = PBXBuildFile; fileRef = 4ABC92BA291954420040B76A /* CharactersViewController.swift */; };
		4ABC92C5291956AF0040B76A /* MainScreenPresenter.swift in Sources */ = {isa = PBXBuildFile; fileRef = 4ABC92C4291956AF0040B76A /* MainScreenPresenter.swift */; };
		4ABC92C7291956D40040B76A /* MainScreenButton.swift in Sources */ = {isa = PBXBuildFile; fileRef = 4ABC92C6291956D40040B76A /* MainScreenButton.swift */; };
		4ABC92C9291957130040B76A /* MainScreenButtonType.swift in Sources */ = {isa = PBXBuildFile; fileRef = 4ABC92C8291957130040B76A /* MainScreenButtonType.swift */; };
		4ABC92CB2919572D0040B76A /* MainScreenModel.swift in Sources */ = {isa = PBXBuildFile; fileRef = 4ABC92CA2919572D0040B76A /* MainScreenModel.swift */; };
		4ABC92D1291959D70040B76A /* MainScreenAssembly.swift in Sources */ = {isa = PBXBuildFile; fileRef = 4ABC92D0291959D70040B76A /* MainScreenAssembly.swift */; };
		4ABC92D329195A0A0040B76A /* CharacterPresenter.swift in Sources */ = {isa = PBXBuildFile; fileRef = 4ABC92D229195A0A0040B76A /* CharacterPresenter.swift */; };
		4ABC92D529195C460040B76A /* CharactersScreenAssembly.swift in Sources */ = {isa = PBXBuildFile; fileRef = 4ABC92D429195C460040B76A /* CharactersScreenAssembly.swift */; };
		4AF31CA329193ED100A11E92 /* AppDelegate.swift in Sources */ = {isa = PBXBuildFile; fileRef = 4AF31CA229193ED100A11E92 /* AppDelegate.swift */; };
		4AF31CA529193ED100A11E92 /* SceneDelegate.swift in Sources */ = {isa = PBXBuildFile; fileRef = 4AF31CA429193ED100A11E92 /* SceneDelegate.swift */; };
		4AF31CA729193ED100A11E92 /* MainViewController.swift in Sources */ = {isa = PBXBuildFile; fileRef = 4AF31CA629193ED100A11E92 /* MainViewController.swift */; };
		4AF31CA929193ED300A11E92 /* Assets.xcassets in Resources */ = {isa = PBXBuildFile; fileRef = 4AF31CA829193ED300A11E92 /* Assets.xcassets */; };
		4AF31CAC29193ED300A11E92 /* Preview Assets.xcassets in Resources */ = {isa = PBXBuildFile; fileRef = 4AF31CAB29193ED300A11E92 /* Preview Assets.xcassets */; };
		4AF31CAF29193ED300A11E92 /* LaunchScreen.storyboard in Resources */ = {isa = PBXBuildFile; fileRef = 4AF31CAD29193ED300A11E92 /* LaunchScreen.storyboard */; };
		4AF31CBA29193ED300A11E92 /* Rick_MortyTests.swift in Sources */ = {isa = PBXBuildFile; fileRef = 4AF31CB929193ED300A11E92 /* Rick_MortyTests.swift */; };
		4AF31CC529193ED300A11E92 /* Rick_MortyUITests.swift in Sources */ = {isa = PBXBuildFile; fileRef = 4AF31CC429193ED300A11E92 /* Rick_MortyUITests.swift */; };
/* End PBXBuildFile section */

/* Begin PBXContainerItemProxy section */
		4AF31CB629193ED300A11E92 /* PBXContainerItemProxy */ = {
			isa = PBXContainerItemProxy;
			containerPortal = 4AF31C9729193ED100A11E92 /* Project object */;
			proxyType = 1;
			remoteGlobalIDString = 4AF31C9E29193ED100A11E92;
			remoteInfo = "Rick&Morty";
		};
		4AF31CC129193ED300A11E92 /* PBXContainerItemProxy */ = {
			isa = PBXContainerItemProxy;
			containerPortal = 4AF31C9729193ED100A11E92 /* Project object */;
			proxyType = 1;
			remoteGlobalIDString = 4AF31C9E29193ED100A11E92;
			remoteInfo = "Rick&Morty";
		};
/* End PBXContainerItemProxy section */

/* Begin PBXFileReference section */
		4A6FBC31292CF2A8008A933C /* FilterScreenView.swift */ = {isa = PBXFileReference; lastKnownFileType = sourcecode.swift; path = FilterScreenView.swift; sourceTree = "<group>"; };
		4A6FBC33292CFDD3008A933C /* PhotoCell.swift */ = {isa = PBXFileReference; lastKnownFileType = sourcecode.swift; path = PhotoCell.swift; sourceTree = "<group>"; };
		4A9C5231292149B300146598 /* LocationViewController.swift */ = {isa = PBXFileReference; lastKnownFileType = sourcecode.swift; path = LocationViewController.swift; sourceTree = "<group>"; };
		4A9C52342922AE6400146598 /* UIColor+.swift */ = {isa = PBXFileReference; lastKnownFileType = sourcecode.swift; path = "UIColor+.swift"; sourceTree = "<group>"; };
		4ABC92BA291954420040B76A /* CharactersViewController.swift */ = {isa = PBXFileReference; lastKnownFileType = sourcecode.swift; path = CharactersViewController.swift; sourceTree = "<group>"; };
		4ABC92C4291956AF0040B76A /* MainScreenPresenter.swift */ = {isa = PBXFileReference; lastKnownFileType = sourcecode.swift; path = MainScreenPresenter.swift; sourceTree = "<group>"; };
		4ABC92C6291956D40040B76A /* MainScreenButton.swift */ = {isa = PBXFileReference; lastKnownFileType = sourcecode.swift; path = MainScreenButton.swift; sourceTree = "<group>"; };
		4ABC92C8291957130040B76A /* MainScreenButtonType.swift */ = {isa = PBXFileReference; lastKnownFileType = sourcecode.swift; path = MainScreenButtonType.swift; sourceTree = "<group>"; };
		4ABC92CA2919572D0040B76A /* MainScreenModel.swift */ = {isa = PBXFileReference; lastKnownFileType = sourcecode.swift; path = MainScreenModel.swift; sourceTree = "<group>"; };
		4ABC92D0291959D70040B76A /* MainScreenAssembly.swift */ = {isa = PBXFileReference; lastKnownFileType = sourcecode.swift; path = MainScreenAssembly.swift; sourceTree = "<group>"; };
		4ABC92D229195A0A0040B76A /* CharacterPresenter.swift */ = {isa = PBXFileReference; lastKnownFileType = sourcecode.swift; path = CharacterPresenter.swift; sourceTree = "<group>"; };
		4ABC92D429195C460040B76A /* CharactersScreenAssembly.swift */ = {isa = PBXFileReference; lastKnownFileType = sourcecode.swift; path = CharactersScreenAssembly.swift; sourceTree = "<group>"; };
		4AF31C9F29193ED100A11E92 /* Rick&Morty.app */ = {isa = PBXFileReference; explicitFileType = wrapper.application; includeInIndex = 0; path = "Rick&Morty.app"; sourceTree = BUILT_PRODUCTS_DIR; };
		4AF31CA229193ED100A11E92 /* AppDelegate.swift */ = {isa = PBXFileReference; lastKnownFileType = sourcecode.swift; path = AppDelegate.swift; sourceTree = "<group>"; };
		4AF31CA429193ED100A11E92 /* SceneDelegate.swift */ = {isa = PBXFileReference; lastKnownFileType = sourcecode.swift; path = SceneDelegate.swift; sourceTree = "<group>"; };
		4AF31CA629193ED100A11E92 /* MainViewController.swift */ = {isa = PBXFileReference; lastKnownFileType = sourcecode.swift; path = MainViewController.swift; sourceTree = "<group>"; };
		4AF31CA829193ED300A11E92 /* Assets.xcassets */ = {isa = PBXFileReference; lastKnownFileType = folder.assetcatalog; path = Assets.xcassets; sourceTree = "<group>"; };
		4AF31CAB29193ED300A11E92 /* Preview Assets.xcassets */ = {isa = PBXFileReference; lastKnownFileType = folder.assetcatalog; path = "Preview Assets.xcassets"; sourceTree = "<group>"; };
		4AF31CAE29193ED300A11E92 /* Base */ = {isa = PBXFileReference; lastKnownFileType = file.storyboard; name = Base; path = Base.lproj/LaunchScreen.storyboard; sourceTree = "<group>"; };
		4AF31CB029193ED300A11E92 /* Info.plist */ = {isa = PBXFileReference; lastKnownFileType = text.plist.xml; path = Info.plist; sourceTree = "<group>"; };
		4AF31CB529193ED300A11E92 /* Rick&MortyTests.xctest */ = {isa = PBXFileReference; explicitFileType = wrapper.cfbundle; includeInIndex = 0; path = "Rick&MortyTests.xctest"; sourceTree = BUILT_PRODUCTS_DIR; };
		4AF31CB929193ED300A11E92 /* Rick_MortyTests.swift */ = {isa = PBXFileReference; lastKnownFileType = sourcecode.swift; path = Rick_MortyTests.swift; sourceTree = "<group>"; };
		4AF31CBB29193ED300A11E92 /* Info.plist */ = {isa = PBXFileReference; lastKnownFileType = text.plist.xml; path = Info.plist; sourceTree = "<group>"; };
		4AF31CC029193ED300A11E92 /* Rick&MortyUITests.xctest */ = {isa = PBXFileReference; explicitFileType = wrapper.cfbundle; includeInIndex = 0; path = "Rick&MortyUITests.xctest"; sourceTree = BUILT_PRODUCTS_DIR; };
		4AF31CC429193ED300A11E92 /* Rick_MortyUITests.swift */ = {isa = PBXFileReference; lastKnownFileType = sourcecode.swift; path = Rick_MortyUITests.swift; sourceTree = "<group>"; };
		4AF31CC629193ED300A11E92 /* Info.plist */ = {isa = PBXFileReference; lastKnownFileType = text.plist.xml; path = Info.plist; sourceTree = "<group>"; };
/* End PBXFileReference section */

/* Begin PBXFrameworksBuildPhase section */
		4AF31C9C29193ED100A11E92 /* Frameworks */ = {
			isa = PBXFrameworksBuildPhase;
			buildActionMask = 2147483647;
			files = (
			);
			runOnlyForDeploymentPostprocessing = 0;
		};
		4AF31CB229193ED300A11E92 /* Frameworks */ = {
			isa = PBXFrameworksBuildPhase;
			buildActionMask = 2147483647;
			files = (
			);
			runOnlyForDeploymentPostprocessing = 0;
		};
		4AF31CBD29193ED300A11E92 /* Frameworks */ = {
			isa = PBXFrameworksBuildPhase;
			buildActionMask = 2147483647;
			files = (
			);
			runOnlyForDeploymentPostprocessing = 0;
		};
/* End PBXFrameworksBuildPhase section */

/* Begin PBXGroup section */
		4A9C52332922AE4100146598 /* Extention */ = {
			isa = PBXGroup;
			children = (
				4A9C52342922AE6400146598 /* UIColor+.swift */,
			);
			path = Extention;
			sourceTree = "<group>";
		};
		4ABC92B82919534E0040B76A /* CharactersScreen */ = {
			isa = PBXGroup;
			children = (
				4ABC92BA291954420040B76A /* CharactersViewController.swift */,
				4ABC92D229195A0A0040B76A /* CharacterPresenter.swift */,
				4ABC92D429195C460040B76A /* CharactersScreenAssembly.swift */,
				4A6FBC31292CF2A8008A933C /* FilterScreenView.swift */,
				4A6FBC33292CFDD3008A933C /* PhotoCell.swift */,
			);
			path = CharactersScreen;
			sourceTree = "<group>";
		};
		4ABC92BE291955C70040B76A /* MainScreen */ = {
			isa = PBXGroup;
			children = (
				4ABC92C12919561B0040B76A /* Presenter */,
				4ABC92C0291956120040B76A /* View */,
				4ABC92BF291956050040B76A /* Model */,
				4ABC92D0291959D70040B76A /* MainScreenAssembly.swift */,
			);
			path = MainScreen;
			sourceTree = "<group>";
		};
		4ABC92BF291956050040B76A /* Model */ = {
			isa = PBXGroup;
			children = (
				4ABC92C8291957130040B76A /* MainScreenButtonType.swift */,
				4ABC92CA2919572D0040B76A /* MainScreenModel.swift */,
			);
			path = Model;
			sourceTree = "<group>";
		};
		4ABC92C0291956120040B76A /* View */ = {
			isa = PBXGroup;
			children = (
				4AF31CA629193ED100A11E92 /* MainViewController.swift */,
				4ABC92C6291956D40040B76A /* MainScreenButton.swift */,
			);
			path = View;
			sourceTree = "<group>";
		};
		4ABC92C12919561B0040B76A /* Presenter */ = {
			isa = PBXGroup;
			children = (
				4ABC92C4291956AF0040B76A /* MainScreenPresenter.swift */,
			);
			path = Presenter;
			sourceTree = "<group>";
		};
		4ABC92CC291957700040B76A /* LocationScreen */ = {
			isa = PBXGroup;
			children = (
				4A9C5231292149B300146598 /* LocationViewController.swift */,
			);
			path = LocationScreen;
			sourceTree = "<group>";
		};
		4ABC92CD291957810040B76A /* EpisodesScreen */ = {
			isa = PBXGroup;
			children = (
			);
			path = EpisodesScreen;
			sourceTree = "<group>";
		};
		4AF31C9629193ED100A11E92 = {
			isa = PBXGroup;
			children = (
				4AF31CA129193ED100A11E92 /* Rick&Morty */,
				4AF31CB829193ED300A11E92 /* Rick&MortyTests */,
				4AF31CC329193ED300A11E92 /* Rick&MortyUITests */,
				4AF31CA029193ED100A11E92 /* Products */,
			);
			sourceTree = "<group>";
		};
		4AF31CA029193ED100A11E92 /* Products */ = {
			isa = PBXGroup;
			children = (
				4AF31C9F29193ED100A11E92 /* Rick&Morty.app */,
				4AF31CB529193ED300A11E92 /* Rick&MortyTests.xctest */,
				4AF31CC029193ED300A11E92 /* Rick&MortyUITests.xctest */,
			);
			name = Products;
			sourceTree = "<group>";
		};
		4AF31CA129193ED100A11E92 /* Rick&Morty */ = {
			isa = PBXGroup;
			children = (
				4A9C52332922AE4100146598 /* Extention */,
				4ABC92CD291957810040B76A /* EpisodesScreen */,
				4ABC92CC291957700040B76A /* LocationScreen */,
				4ABC92BE291955C70040B76A /* MainScreen */,
				4ABC92B82919534E0040B76A /* CharactersScreen */,
				4AF31CA229193ED100A11E92 /* AppDelegate.swift */,
				4AF31CA429193ED100A11E92 /* SceneDelegate.swift */,
				4AF31CA829193ED300A11E92 /* Assets.xcassets */,
				4AF31CAD29193ED300A11E92 /* LaunchScreen.storyboard */,
				4AF31CB029193ED300A11E92 /* Info.plist */,
				4AF31CAA29193ED300A11E92 /* Preview Content */,
			);
			path = "Rick&Morty";
			sourceTree = "<group>";
		};
		4AF31CAA29193ED300A11E92 /* Preview Content */ = {
			isa = PBXGroup;
			children = (
				4AF31CAB29193ED300A11E92 /* Preview Assets.xcassets */,
			);
			path = "Preview Content";
			sourceTree = "<group>";
		};
		4AF31CB829193ED300A11E92 /* Rick&MortyTests */ = {
			isa = PBXGroup;
			children = (
				4AF31CB929193ED300A11E92 /* Rick_MortyTests.swift */,
				4AF31CBB29193ED300A11E92 /* Info.plist */,
			);
			path = "Rick&MortyTests";
			sourceTree = "<group>";
		};
		4AF31CC329193ED300A11E92 /* Rick&MortyUITests */ = {
			isa = PBXGroup;
			children = (
				4AF31CC429193ED300A11E92 /* Rick_MortyUITests.swift */,
				4AF31CC629193ED300A11E92 /* Info.plist */,
			);
			path = "Rick&MortyUITests";
			sourceTree = "<group>";
		};
/* End PBXGroup section */

/* Begin PBXNativeTarget section */
		4AF31C9E29193ED100A11E92 /* Rick&Morty */ = {
			isa = PBXNativeTarget;
			buildConfigurationList = 4AF31CC929193ED300A11E92 /* Build configuration list for PBXNativeTarget "Rick&Morty" */;
			buildPhases = (
				4AF31C9B29193ED100A11E92 /* Sources */,
				4AF31C9C29193ED100A11E92 /* Frameworks */,
				4AF31C9D29193ED100A11E92 /* Resources */,
			);
			buildRules = (
			);
			dependencies = (
			);
			name = "Rick&Morty";
			productName = "Rick&Morty";
			productReference = 4AF31C9F29193ED100A11E92 /* Rick&Morty.app */;
			productType = "com.apple.product-type.application";
		};
		4AF31CB429193ED300A11E92 /* Rick&MortyTests */ = {
			isa = PBXNativeTarget;
			buildConfigurationList = 4AF31CCC29193ED300A11E92 /* Build configuration list for PBXNativeTarget "Rick&MortyTests" */;
			buildPhases = (
				4AF31CB129193ED300A11E92 /* Sources */,
				4AF31CB229193ED300A11E92 /* Frameworks */,
				4AF31CB329193ED300A11E92 /* Resources */,
			);
			buildRules = (
			);
			dependencies = (
				4AF31CB729193ED300A11E92 /* PBXTargetDependency */,
			);
			name = "Rick&MortyTests";
			productName = "Rick&MortyTests";
			productReference = 4AF31CB529193ED300A11E92 /* Rick&MortyTests.xctest */;
			productType = "com.apple.product-type.bundle.unit-test";
		};
		4AF31CBF29193ED300A11E92 /* Rick&MortyUITests */ = {
			isa = PBXNativeTarget;
			buildConfigurationList = 4AF31CCF29193ED300A11E92 /* Build configuration list for PBXNativeTarget "Rick&MortyUITests" */;
			buildPhases = (
				4AF31CBC29193ED300A11E92 /* Sources */,
				4AF31CBD29193ED300A11E92 /* Frameworks */,
				4AF31CBE29193ED300A11E92 /* Resources */,
			);
			buildRules = (
			);
			dependencies = (
				4AF31CC229193ED300A11E92 /* PBXTargetDependency */,
			);
			name = "Rick&MortyUITests";
			productName = "Rick&MortyUITests";
			productReference = 4AF31CC029193ED300A11E92 /* Rick&MortyUITests.xctest */;
			productType = "com.apple.product-type.bundle.ui-testing";
		};
/* End PBXNativeTarget section */

/* Begin PBXProject section */
		4AF31C9729193ED100A11E92 /* Project object */ = {
			isa = PBXProject;
			attributes = {
				LastSwiftUpdateCheck = 1130;
				LastUpgradeCheck = 1130;
				ORGANIZATIONNAME = Katya;
				TargetAttributes = {
					4AF31C9E29193ED100A11E92 = {
						CreatedOnToolsVersion = 11.3.1;
					};
					4AF31CB429193ED300A11E92 = {
						CreatedOnToolsVersion = 11.3.1;
						TestTargetID = 4AF31C9E29193ED100A11E92;
					};
					4AF31CBF29193ED300A11E92 = {
						CreatedOnToolsVersion = 11.3.1;
						TestTargetID = 4AF31C9E29193ED100A11E92;
					};
				};
			};
			buildConfigurationList = 4AF31C9A29193ED100A11E92 /* Build configuration list for PBXProject "Rick&Morty" */;
			compatibilityVersion = "Xcode 9.3";
			developmentRegion = en;
			hasScannedForEncodings = 0;
			knownRegions = (
				en,
				Base,
			);
			mainGroup = 4AF31C9629193ED100A11E92;
			productRefGroup = 4AF31CA029193ED100A11E92 /* Products */;
			projectDirPath = "";
			projectRoot = "";
			targets = (
				4AF31C9E29193ED100A11E92 /* Rick&Morty */,
				4AF31CB429193ED300A11E92 /* Rick&MortyTests */,
				4AF31CBF29193ED300A11E92 /* Rick&MortyUITests */,
			);
		};
/* End PBXProject section */

/* Begin PBXResourcesBuildPhase section */
		4AF31C9D29193ED100A11E92 /* Resources */ = {
			isa = PBXResourcesBuildPhase;
			buildActionMask = 2147483647;
			files = (
				4AF31CAF29193ED300A11E92 /* LaunchScreen.storyboard in Resources */,
				4AF31CAC29193ED300A11E92 /* Preview Assets.xcassets in Resources */,
				4AF31CA929193ED300A11E92 /* Assets.xcassets in Resources */,
			);
			runOnlyForDeploymentPostprocessing = 0;
		};
		4AF31CB329193ED300A11E92 /* Resources */ = {
			isa = PBXResourcesBuildPhase;
			buildActionMask = 2147483647;
			files = (
			);
			runOnlyForDeploymentPostprocessing = 0;
		};
		4AF31CBE29193ED300A11E92 /* Resources */ = {
			isa = PBXResourcesBuildPhase;
			buildActionMask = 2147483647;
			files = (
			);
			runOnlyForDeploymentPostprocessing = 0;
		};
/* End PBXResourcesBuildPhase section */

/* Begin PBXSourcesBuildPhase section */
		4AF31C9B29193ED100A11E92 /* Sources */ = {
			isa = PBXSourcesBuildPhase;
			buildActionMask = 2147483647;
			files = (
				4ABC92BB291954420040B76A /* CharactersViewController.swift in Sources */,
				4A6FBC34292CFDD3008A933C /* PhotoCell.swift in Sources */,
				4ABC92D529195C460040B76A /* CharactersScreenAssembly.swift in Sources */,
				4ABC92CB2919572D0040B76A /* MainScreenModel.swift in Sources */,
				4ABC92C9291957130040B76A /* MainScreenButtonType.swift in Sources */,
				4ABC92C7291956D40040B76A /* MainScreenButton.swift in Sources */,
				4ABC92C5291956AF0040B76A /* MainScreenPresenter.swift in Sources */,
				4ABC92D1291959D70040B76A /* MainScreenAssembly.swift in Sources */,
				4A9C5232292149B300146598 /* LocationViewController.swift in Sources */,
				4ABC92D329195A0A0040B76A /* CharacterPresenter.swift in Sources */,
				4AF31CA329193ED100A11E92 /* AppDelegate.swift in Sources */,
				4A6FBC32292CF2A8008A933C /* FilterScreenView.swift in Sources */,
				4AF31CA529193ED100A11E92 /* SceneDelegate.swift in Sources */,
				4AF31CA729193ED100A11E92 /* MainViewController.swift in Sources */,
				4A9C52352922AE6400146598 /* UIColor+.swift in Sources */,
			);
			runOnlyForDeploymentPostprocessing = 0;
		};
		4AF31CB129193ED300A11E92 /* Sources */ = {
			isa = PBXSourcesBuildPhase;
			buildActionMask = 2147483647;
			files = (
				4AF31CBA29193ED300A11E92 /* Rick_MortyTests.swift in Sources */,
			);
			runOnlyForDeploymentPostprocessing = 0;
		};
		4AF31CBC29193ED300A11E92 /* Sources */ = {
			isa = PBXSourcesBuildPhase;
			buildActionMask = 2147483647;
			files = (
				4AF31CC529193ED300A11E92 /* Rick_MortyUITests.swift in Sources */,
			);
			runOnlyForDeploymentPostprocessing = 0;
		};
/* End PBXSourcesBuildPhase section */

/* Begin PBXTargetDependency section */
		4AF31CB729193ED300A11E92 /* PBXTargetDependency */ = {
			isa = PBXTargetDependency;
			target = 4AF31C9E29193ED100A11E92 /* Rick&Morty */;
			targetProxy = 4AF31CB629193ED300A11E92 /* PBXContainerItemProxy */;
		};
		4AF31CC229193ED300A11E92 /* PBXTargetDependency */ = {
			isa = PBXTargetDependency;
			target = 4AF31C9E29193ED100A11E92 /* Rick&Morty */;
			targetProxy = 4AF31CC129193ED300A11E92 /* PBXContainerItemProxy */;
		};
/* End PBXTargetDependency section */

/* Begin PBXVariantGroup section */
		4AF31CAD29193ED300A11E92 /* LaunchScreen.storyboard */ = {
			isa = PBXVariantGroup;
			children = (
				4AF31CAE29193ED300A11E92 /* Base */,
			);
			name = LaunchScreen.storyboard;
			sourceTree = "<group>";
		};
/* End PBXVariantGroup section */

/* Begin XCBuildConfiguration section */
		4AF31CC729193ED300A11E92 /* Debug */ = {
			isa = XCBuildConfiguration;
			buildSettings = {
				ALWAYS_SEARCH_USER_PATHS = NO;
				CLANG_ANALYZER_NONNULL = YES;
				CLANG_ANALYZER_NUMBER_OBJECT_CONVERSION = YES_AGGRESSIVE;
				CLANG_CXX_LANGUAGE_STANDARD = "gnu++14";
				CLANG_CXX_LIBRARY = "libc++";
				CLANG_ENABLE_MODULES = YES;
				CLANG_ENABLE_OBJC_ARC = YES;
				CLANG_ENABLE_OBJC_WEAK = YES;
				CLANG_WARN_BLOCK_CAPTURE_AUTORELEASING = YES;
				CLANG_WARN_BOOL_CONVERSION = YES;
				CLANG_WARN_COMMA = YES;
				CLANG_WARN_CONSTANT_CONVERSION = YES;
				CLANG_WARN_DEPRECATED_OBJC_IMPLEMENTATIONS = YES;
				CLANG_WARN_DIRECT_OBJC_ISA_USAGE = YES_ERROR;
				CLANG_WARN_DOCUMENTATION_COMMENTS = YES;
				CLANG_WARN_EMPTY_BODY = YES;
				CLANG_WARN_ENUM_CONVERSION = YES;
				CLANG_WARN_INFINITE_RECURSION = YES;
				CLANG_WARN_INT_CONVERSION = YES;
				CLANG_WARN_NON_LITERAL_NULL_CONVERSION = YES;
				CLANG_WARN_OBJC_IMPLICIT_RETAIN_SELF = YES;
				CLANG_WARN_OBJC_LITERAL_CONVERSION = YES;
				CLANG_WARN_OBJC_ROOT_CLASS = YES_ERROR;
				CLANG_WARN_RANGE_LOOP_ANALYSIS = YES;
				CLANG_WARN_STRICT_PROTOTYPES = YES;
				CLANG_WARN_SUSPICIOUS_MOVE = YES;
				CLANG_WARN_UNGUARDED_AVAILABILITY = YES_AGGRESSIVE;
				CLANG_WARN_UNREACHABLE_CODE = YES;
				CLANG_WARN__DUPLICATE_METHOD_MATCH = YES;
				COPY_PHASE_STRIP = NO;
				DEBUG_INFORMATION_FORMAT = dwarf;
				ENABLE_STRICT_OBJC_MSGSEND = YES;
				ENABLE_TESTABILITY = YES;
				GCC_C_LANGUAGE_STANDARD = gnu11;
				GCC_DYNAMIC_NO_PIC = NO;
				GCC_NO_COMMON_BLOCKS = YES;
				GCC_OPTIMIZATION_LEVEL = 0;
				GCC_PREPROCESSOR_DEFINITIONS = (
					"DEBUG=1",
					"$(inherited)",
				);
				GCC_WARN_64_TO_32_BIT_CONVERSION = YES;
				GCC_WARN_ABOUT_RETURN_TYPE = YES_ERROR;
				GCC_WARN_UNDECLARED_SELECTOR = YES;
				GCC_WARN_UNINITIALIZED_AUTOS = YES_AGGRESSIVE;
				GCC_WARN_UNUSED_FUNCTION = YES;
				GCC_WARN_UNUSED_VARIABLE = YES;
				IPHONEOS_DEPLOYMENT_TARGET = 13.2;
				MTL_ENABLE_DEBUG_INFO = INCLUDE_SOURCE;
				MTL_FAST_MATH = YES;
				ONLY_ACTIVE_ARCH = YES;
				SDKROOT = iphoneos;
				SWIFT_ACTIVE_COMPILATION_CONDITIONS = DEBUG;
				SWIFT_OPTIMIZATION_LEVEL = "-Onone";
			};
			name = Debug;
		};
		4AF31CC829193ED300A11E92 /* Release */ = {
			isa = XCBuildConfiguration;
			buildSettings = {
				ALWAYS_SEARCH_USER_PATHS = NO;
				CLANG_ANALYZER_NONNULL = YES;
				CLANG_ANALYZER_NUMBER_OBJECT_CONVERSION = YES_AGGRESSIVE;
				CLANG_CXX_LANGUAGE_STANDARD = "gnu++14";
				CLANG_CXX_LIBRARY = "libc++";
				CLANG_ENABLE_MODULES = YES;
				CLANG_ENABLE_OBJC_ARC = YES;
				CLANG_ENABLE_OBJC_WEAK = YES;
				CLANG_WARN_BLOCK_CAPTURE_AUTORELEASING = YES;
				CLANG_WARN_BOOL_CONVERSION = YES;
				CLANG_WARN_COMMA = YES;
				CLANG_WARN_CONSTANT_CONVERSION = YES;
				CLANG_WARN_DEPRECATED_OBJC_IMPLEMENTATIONS = YES;
				CLANG_WARN_DIRECT_OBJC_ISA_USAGE = YES_ERROR;
				CLANG_WARN_DOCUMENTATION_COMMENTS = YES;
				CLANG_WARN_EMPTY_BODY = YES;
				CLANG_WARN_ENUM_CONVERSION = YES;
				CLANG_WARN_INFINITE_RECURSION = YES;
				CLANG_WARN_INT_CONVERSION = YES;
				CLANG_WARN_NON_LITERAL_NULL_CONVERSION = YES;
				CLANG_WARN_OBJC_IMPLICIT_RETAIN_SELF = YES;
				CLANG_WARN_OBJC_LITERAL_CONVERSION = YES;
				CLANG_WARN_OBJC_ROOT_CLASS = YES_ERROR;
				CLANG_WARN_RANGE_LOOP_ANALYSIS = YES;
				CLANG_WARN_STRICT_PROTOTYPES = YES;
				CLANG_WARN_SUSPICIOUS_MOVE = YES;
				CLANG_WARN_UNGUARDED_AVAILABILITY = YES_AGGRESSIVE;
				CLANG_WARN_UNREACHABLE_CODE = YES;
				CLANG_WARN__DUPLICATE_METHOD_MATCH = YES;
				COPY_PHASE_STRIP = NO;
				DEBUG_INFORMATION_FORMAT = "dwarf-with-dsym";
				ENABLE_NS_ASSERTIONS = NO;
				ENABLE_STRICT_OBJC_MSGSEND = YES;
				GCC_C_LANGUAGE_STANDARD = gnu11;
				GCC_NO_COMMON_BLOCKS = YES;
				GCC_WARN_64_TO_32_BIT_CONVERSION = YES;
				GCC_WARN_ABOUT_RETURN_TYPE = YES_ERROR;
				GCC_WARN_UNDECLARED_SELECTOR = YES;
				GCC_WARN_UNINITIALIZED_AUTOS = YES_AGGRESSIVE;
				GCC_WARN_UNUSED_FUNCTION = YES;
				GCC_WARN_UNUSED_VARIABLE = YES;
				IPHONEOS_DEPLOYMENT_TARGET = 13.2;
				MTL_ENABLE_DEBUG_INFO = NO;
				MTL_FAST_MATH = YES;
				SDKROOT = iphoneos;
				SWIFT_COMPILATION_MODE = wholemodule;
				SWIFT_OPTIMIZATION_LEVEL = "-O";
				VALIDATE_PRODUCT = YES;
			};
			name = Release;
		};
		4AF31CCA29193ED300A11E92 /* Debug */ = {
			isa = XCBuildConfiguration;
			buildSettings = {
				ASSETCATALOG_COMPILER_APPICON_NAME = AppIcon;
				CODE_SIGN_STYLE = Automatic;
				DEVELOPMENT_ASSET_PATHS = "\"Rick&Morty/Preview Content\"";
				ENABLE_PREVIEWS = YES;
				INFOPLIST_FILE = "Rick&Morty/Info.plist";
				LD_RUNPATH_SEARCH_PATHS = (
					"$(inherited)",
					"@executable_path/Frameworks",
				);
				PRODUCT_BUNDLE_IDENTIFIER = "ios.Rick-Morty";
				PRODUCT_NAME = "$(TARGET_NAME)";
				SWIFT_VERSION = 5.0;
				TARGETED_DEVICE_FAMILY = "1,2";
			};
			name = Debug;
		};
		4AF31CCB29193ED300A11E92 /* Release */ = {
			isa = XCBuildConfiguration;
			buildSettings = {
				ASSETCATALOG_COMPILER_APPICON_NAME = AppIcon;
				CODE_SIGN_STYLE = Automatic;
				DEVELOPMENT_ASSET_PATHS = "\"Rick&Morty/Preview Content\"";
				ENABLE_PREVIEWS = YES;
				INFOPLIST_FILE = "Rick&Morty/Info.plist";
				LD_RUNPATH_SEARCH_PATHS = (
					"$(inherited)",
					"@executable_path/Frameworks",
				);
				PRODUCT_BUNDLE_IDENTIFIER = "ios.Rick-Morty";
				PRODUCT_NAME = "$(TARGET_NAME)";
				SWIFT_VERSION = 5.0;
				TARGETED_DEVICE_FAMILY = "1,2";
			};
			name = Release;
		};
		4AF31CCD29193ED300A11E92 /* Debug */ = {
			isa = XCBuildConfiguration;
			buildSettings = {
				ALWAYS_EMBED_SWIFT_STANDARD_LIBRARIES = YES;
				BUNDLE_LOADER = "$(TEST_HOST)";
				CODE_SIGN_STYLE = Automatic;
				INFOPLIST_FILE = "Rick&MortyTests/Info.plist";
				IPHONEOS_DEPLOYMENT_TARGET = 13.2;
				LD_RUNPATH_SEARCH_PATHS = (
					"$(inherited)",
					"@executable_path/Frameworks",
					"@loader_path/Frameworks",
				);
				PRODUCT_BUNDLE_IDENTIFIER = "ios.Rick-MortyTests";
				PRODUCT_NAME = "$(TARGET_NAME)";
				SWIFT_VERSION = 5.0;
				TARGETED_DEVICE_FAMILY = "1,2";
				TEST_HOST = "$(BUILT_PRODUCTS_DIR)/Rick&Morty.app/Rick&Morty";
			};
			name = Debug;
		};
		4AF31CCE29193ED300A11E92 /* Release */ = {
			isa = XCBuildConfiguration;
			buildSettings = {
				ALWAYS_EMBED_SWIFT_STANDARD_LIBRARIES = YES;
				BUNDLE_LOADER = "$(TEST_HOST)";
				CODE_SIGN_STYLE = Automatic;
				INFOPLIST_FILE = "Rick&MortyTests/Info.plist";
				IPHONEOS_DEPLOYMENT_TARGET = 13.2;
				LD_RUNPATH_SEARCH_PATHS = (
					"$(inherited)",
					"@executable_path/Frameworks",
					"@loader_path/Frameworks",
				);
				PRODUCT_BUNDLE_IDENTIFIER = "ios.Rick-MortyTests";
				PRODUCT_NAME = "$(TARGET_NAME)";
				SWIFT_VERSION = 5.0;
				TARGETED_DEVICE_FAMILY = "1,2";
				TEST_HOST = "$(BUILT_PRODUCTS_DIR)/Rick&Morty.app/Rick&Morty";
			};
			name = Release;
		};
		4AF31CD029193ED300A11E92 /* Debug */ = {
			isa = XCBuildConfiguration;
			buildSettings = {
				ALWAYS_EMBED_SWIFT_STANDARD_LIBRARIES = YES;
				CODE_SIGN_STYLE = Automatic;
				INFOPLIST_FILE = "Rick&MortyUITests/Info.plist";
				LD_RUNPATH_SEARCH_PATHS = (
					"$(inherited)",
					"@executable_path/Frameworks",
					"@loader_path/Frameworks",
				);
				PRODUCT_BUNDLE_IDENTIFIER = "ios.Rick-MortyUITests";
				PRODUCT_NAME = "$(TARGET_NAME)";
				SWIFT_VERSION = 5.0;
				TARGETED_DEVICE_FAMILY = "1,2";
				TEST_TARGET_NAME = "Rick&Morty";
			};
			name = Debug;
		};
		4AF31CD129193ED300A11E92 /* Release */ = {
			isa = XCBuildConfiguration;
			buildSettings = {
				ALWAYS_EMBED_SWIFT_STANDARD_LIBRARIES = YES;
				CODE_SIGN_STYLE = Automatic;
				INFOPLIST_FILE = "Rick&MortyUITests/Info.plist";
				LD_RUNPATH_SEARCH_PATHS = (
					"$(inherited)",
					"@executable_path/Frameworks",
					"@loader_path/Frameworks",
				);
				PRODUCT_BUNDLE_IDENTIFIER = "ios.Rick-MortyUITests";
				PRODUCT_NAME = "$(TARGET_NAME)";
				SWIFT_VERSION = 5.0;
				TARGETED_DEVICE_FAMILY = "1,2";
				TEST_TARGET_NAME = "Rick&Morty";
			};
			name = Release;
		};
/* End XCBuildConfiguration section */

/* Begin XCConfigurationList section */
		4AF31C9A29193ED100A11E92 /* Build configuration list for PBXProject "Rick&Morty" */ = {
			isa = XCConfigurationList;
			buildConfigurations = (
				4AF31CC729193ED300A11E92 /* Debug */,
				4AF31CC829193ED300A11E92 /* Release */,
			);
			defaultConfigurationIsVisible = 0;
			defaultConfigurationName = Release;
		};
		4AF31CC929193ED300A11E92 /* Build configuration list for PBXNativeTarget "Rick&Morty" */ = {
			isa = XCConfigurationList;
			buildConfigurations = (
				4AF31CCA29193ED300A11E92 /* Debug */,
				4AF31CCB29193ED300A11E92 /* Release */,
			);
			defaultConfigurationIsVisible = 0;
			defaultConfigurationName = Release;
		};
		4AF31CCC29193ED300A11E92 /* Build configuration list for PBXNativeTarget "Rick&MortyTests" */ = {
			isa = XCConfigurationList;
			buildConfigurations = (
				4AF31CCD29193ED300A11E92 /* Debug */,
				4AF31CCE29193ED300A11E92 /* Release */,
			);
			defaultConfigurationIsVisible = 0;
			defaultConfigurationName = Release;
		};
		4AF31CCF29193ED300A11E92 /* Build configuration list for PBXNativeTarget "Rick&MortyUITests" */ = {
			isa = XCConfigurationList;
			buildConfigurations = (
				4AF31CD029193ED300A11E92 /* Debug */,
				4AF31CD129193ED300A11E92 /* Release */,
			);
			defaultConfigurationIsVisible = 0;
			defaultConfigurationName = Release;
		};
/* End XCConfigurationList section */
	};
	rootObject = 4AF31C9729193ED100A11E92 /* Project object */;
}
